
Microsoft Visual Studio Solution File, Format Version 12.00
# Visual Studio Version 17
VisualStudioVersion = 17.0.31825.309
MinimumVisualStudioVersion = 10.0.40219.1
Project("{9A19103F-16F7-4668-BE54-9A1E7A4F7556}") = "Backend", "Library\Backend.csproj", "{7CED3502-90D3-4415-B5B0-940F60B69AF0}"
EndProject
Project("{9A19103F-16F7-4668-BE54-9A1E7A4F7556}") = "Common", "Common\Common.csproj", "{EC3176A9-E9E1-447C-98FE-40180F1BBA37}"
EndProject
Project("{9A19103F-16F7-4668-BE54-9A1E7A4F7556}") = "FrontEnd", "Frontend\FrontEnd.csproj", "{8D96F4A6-591E-4828-90F2-AD1AEEA5D0DF}"
EndProject
Project("{00D1A9C2-B5F0-4AF3-8072-F6C62B433612}") = "LibraryDB", "LibraryDB\LibraryDB.sqlproj", "{C45B58A8-5582-4686-9947-CDEF6F040579}"
EndProject
Project("{9A19103F-16F7-4668-BE54-9A1E7A4F7556}") = "ClientFrontEnd", "ClientFrontEnd\ClientFrontEnd.csproj", "{9495D7FA-D7DE-4E9D-BDD3-01471A24636A}"
EndProject
Global
	GlobalSection(SolutionConfigurationPlatforms) = preSolution
		Debug|Any CPU = Debug|Any CPU
		Release|Any CPU = Release|Any CPU
	EndGlobalSection
	GlobalSection(ProjectConfigurationPlatforms) = postSolution
		{7CED3502-90D3-4415-B5B0-940F60B69AF0}.Debug|Any CPU.ActiveCfg = Debug|Any CPU
		{7CED3502-90D3-4415-B5B0-940F60B69AF0}.Debug|Any CPU.Build.0 = Debug|Any CPU
		{7CED3502-90D3-4415-B5B0-940F60B69AF0}.Release|Any CPU.ActiveCfg = Release|Any CPU
		{7CED3502-90D3-4415-B5B0-940F60B69AF0}.Release|Any CPU.Build.0 = Release|Any CPU
		{EC3176A9-E9E1-447C-98FE-40180F1BBA37}.Debug|Any CPU.ActiveCfg = Debug|Any CPU
		{EC3176A9-E9E1-447C-98FE-40180F1BBA37}.Debug|Any CPU.Build.0 = Debug|Any CPU
		{EC3176A9-E9E1-447C-98FE-40180F1BBA37}.Release|Any CPU.ActiveCfg = Release|Any CPU
		{EC3176A9-E9E1-447C-98FE-40180F1BBA37}.Release|Any CPU.Build.0 = Release|Any CPU
		{8D96F4A6-591E-4828-90F2-AD1AEEA5D0DF}.Debug|Any CPU.ActiveCfg = Debug|Any CPU
		{8D96F4A6-591E-4828-90F2-AD1AEEA5D0DF}.Debug|Any CPU.Build.0 = Debug|Any CPU
		{8D96F4A6-591E-4828-90F2-AD1AEEA5D0DF}.Release|Any CPU.ActiveCfg = Release|Any CPU
		{8D96F4A6-591E-4828-90F2-AD1AEEA5D0DF}.Release|Any CPU.Build.0 = Release|Any CPU
		{C45B58A8-5582-4686-9947-CDEF6F040579}.Debug|Any CPU.ActiveCfg = Debug|Any CPU
		{C45B58A8-5582-4686-9947-CDEF6F040579}.Debug|Any CPU.Build.0 = Debug|Any CPU
		{C45B58A8-5582-4686-9947-CDEF6F040579}.Debug|Any CPU.Deploy.0 = Debug|Any CPU
		{C45B58A8-5582-4686-9947-CDEF6F040579}.Release|Any CPU.ActiveCfg = Release|Any CPU
		{C45B58A8-5582-4686-9947-CDEF6F040579}.Release|Any CPU.Build.0 = Release|Any CPU
		{C45B58A8-5582-4686-9947-CDEF6F040579}.Release|Any CPU.Deploy.0 = Release|Any CPU
		{9495D7FA-D7DE-4E9D-BDD3-01471A24636A}.Debug|Any CPU.ActiveCfg = Debug|Any CPU
		{9495D7FA-D7DE-4E9D-BDD3-01471A24636A}.Debug|Any CPU.Build.0 = Debug|Any CPU
		{9495D7FA-D7DE-4E9D-BDD3-01471A24636A}.Release|Any CPU.ActiveCfg = Release|Any CPU
		{9495D7FA-D7DE-4E9D-BDD3-01471A24636A}.Release|Any CPU.Build.0 = Release|Any CPU
	EndGlobalSection
	GlobalSection(SolutionProperties) = preSolution
		HideSolutionNode = FALSE
	EndGlobalSection
	GlobalSection(ExtensibilityGlobals) = postSolution
		SolutionGuid = {3E5E0BE3-B123-4ADA-BEF2-A8B727F72B33}
	EndGlobalSection
EndGlobal
